
Microsoft Visual Studio Solution File, Format Version 12.00
# Visual Studio 15
VisualStudioVersion = 15.0.27428.2043
MinimumVisualStudioVersion = 10.0.40219.1
Project("{FAE04EC0-301F-11D3-BF4B-00C04F79EFBC}") = "ProblemSolving", "ProblemSolving\ProblemSolving\ProblemSolving.csproj", "{79CFA721-9378-425D-9052-2D505ACF8AD5}"
EndProject
Project("{FAE04EC0-301F-11D3-BF4B-00C04F79EFBC}") = "ProblemSolving.Android", "ProblemSolving\ProblemSolving.Android\ProblemSolving.Android.csproj", "{32EB5186-3447-4C3C-AE70-5E9C40F6B9CA}"
EndProject
Project("{FAE04EC0-301F-11D3-BF4B-00C04F79EFBC}") = "ProblemSolving.iOS", "ProblemSolving\ProblemSolving.iOS\ProblemSolving.iOS.csproj", "{CFE254B7-41B5-4707-B688-C7EC986786A1}"
EndProject
Project("{FAE04EC0-301F-11D3-BF4B-00C04F79EFBC}") = "ProblemSolving.UWP", "ProblemSolving\ProblemSolving.UWP\ProblemSolving.UWP.csproj", "{FA667249-CA11-447D-8FD1-EBF00C76663B}"
EndProject
Global
	GlobalSection(SolutionConfigurationPlatforms) = preSolution
		Ad-Hoc|Any CPU = Ad-Hoc|Any CPU
		Ad-Hoc|ARM = Ad-Hoc|ARM
		Ad-Hoc|iPhone = Ad-Hoc|iPhone
		Ad-Hoc|iPhoneSimulator = Ad-Hoc|iPhoneSimulator
		Ad-Hoc|x64 = Ad-Hoc|x64
		Ad-Hoc|x86 = Ad-Hoc|x86
		AppStore|Any CPU = AppStore|Any CPU
		AppStore|ARM = AppStore|ARM
		AppStore|iPhone = AppStore|iPhone
		AppStore|iPhoneSimulator = AppStore|iPhoneSimulator
		AppStore|x64 = AppStore|x64
		AppStore|x86 = AppStore|x86
		Debug|Any CPU = Debug|Any CPU
		Debug|ARM = Debug|ARM
		Debug|iPhone = Debug|iPhone
		Debug|iPhoneSimulator = Debug|iPhoneSimulator
		Debug|x64 = Debug|x64
		Debug|x86 = Debug|x86
		Release|Any CPU = Release|Any CPU
		Release|ARM = Release|ARM
		Release|iPhone = Release|iPhone
		Release|iPhoneSimulator = Release|iPhoneSimulator
		Release|x64 = Release|x64
		Release|x86 = Release|x86
	EndGlobalSection
	GlobalSection(ProjectConfigurationPlatforms) = postSolution
		{79CFA721-9378-425D-9052-2D505ACF8AD5}.Ad-Hoc|Any CPU.ActiveCfg = Debug|Any CPU
		{79CFA721-9378-425D-9052-2D505ACF8AD5}.Ad-Hoc|Any CPU.Build.0 = Debug|Any CPU
		{79CFA721-9378-425D-9052-2D505ACF8AD5}.Ad-Hoc|ARM.ActiveCfg = Debug|Any CPU
		{79CFA721-9378-425D-9052-2D505ACF8AD5}.Ad-Hoc|ARM.Build.0 = Debug|Any CPU
		{79CFA721-9378-425D-9052-2D505ACF8AD5}.Ad-Hoc|iPhone.ActiveCfg = Debug|Any CPU
		{79CFA721-9378-425D-9052-2D505ACF8AD5}.Ad-Hoc|iPhone.Build.0 = Debug|Any CPU
		{79CFA721-9378-425D-9052-2D505ACF8AD5}.Ad-Hoc|iPhoneSimulator.ActiveCfg = Debug|Any CPU
		{79CFA721-9378-425D-9052-2D505ACF8AD5}.Ad-Hoc|iPhoneSimulator.Build.0 = Debug|Any CPU
		{79CFA721-9378-425D-9052-2D505ACF8AD5}.Ad-Hoc|x64.ActiveCfg = Debug|Any CPU
		{79CFA721-9378-425D-9052-2D505ACF8AD5}.Ad-Hoc|x64.Build.0 = Debug|Any CPU
		{79CFA721-9378-425D-9052-2D505ACF8AD5}.Ad-Hoc|x86.ActiveCfg = Debug|Any CPU
		{79CFA721-9378-425D-9052-2D505ACF8AD5}.Ad-Hoc|x86.Build.0 = Debug|Any CPU
		{79CFA721-9378-425D-9052-2D505ACF8AD5}.AppStore|Any CPU.ActiveCfg = Debug|Any CPU
		{79CFA721-9378-425D-9052-2D505ACF8AD5}.AppStore|Any CPU.Build.0 = Debug|Any CPU
		{79CFA721-9378-425D-9052-2D505ACF8AD5}.AppStore|ARM.ActiveCfg = Debug|Any CPU
		{79CFA721-9378-425D-9052-2D505ACF8AD5}.AppStore|ARM.Build.0 = Debug|Any CPU
		{79CFA721-9378-425D-9052-2D505ACF8AD5}.AppStore|iPhone.ActiveCfg = Debug|Any CPU
		{79CFA721-9378-425D-9052-2D505ACF8AD5}.AppStore|iPhone.Build.0 = Debug|Any CPU
		{79CFA721-9378-425D-9052-2D505ACF8AD5}.AppStore|iPhoneSimulator.ActiveCfg = Debug|Any CPU
		{79CFA721-9378-425D-9052-2D505ACF8AD5}.AppStore|iPhoneSimulator.Build.0 = Debug|Any CPU
		{79CFA721-9378-425D-9052-2D505ACF8AD5}.AppStore|x64.ActiveCfg = Debug|Any CPU
		{79CFA721-9378-425D-9052-2D505ACF8AD5}.AppStore|x64.Build.0 = Debug|Any CPU
		{79CFA721-9378-425D-9052-2D505ACF8AD5}.AppStore|x86.ActiveCfg = Debug|Any CPU
		{79CFA721-9378-425D-9052-2D505ACF8AD5}.AppStore|x86.Build.0 = Debug|Any CPU
		{79CFA721-9378-425D-9052-2D505ACF8AD5}.Debug|Any CPU.ActiveCfg = Debug|Any CPU
		{79CFA721-9378-425D-9052-2D505ACF8AD5}.Debug|Any CPU.Build.0 = Debug|Any CPU
		{79CFA721-9378-425D-9052-2D505ACF8AD5}.Debug|ARM.ActiveCfg = Debug|Any CPU
		{79CFA721-9378-425D-9052-2D505ACF8AD5}.Debug|ARM.Build.0 = Debug|Any CPU
		{79CFA721-9378-425D-9052-2D505ACF8AD5}.Debug|iPhone.ActiveCfg = Debug|Any CPU
		{79CFA721-9378-425D-9052-2D505ACF8AD5}.Debug|iPhone.Build.0 = Debug|Any CPU
		{79CFA721-9378-425D-9052-2D505ACF8AD5}.Debug|iPhoneSimulator.ActiveCfg = Debug|Any CPU
		{79CFA721-9378-425D-9052-2D505ACF8AD5}.Debug|iPhoneSimulator.Build.0 = Debug|Any CPU
		{79CFA721-9378-425D-9052-2D505ACF8AD5}.Debug|x64.ActiveCfg = Debug|Any CPU
		{79CFA721-9378-425D-9052-2D505ACF8AD5}.Debug|x64.Build.0 = Debug|Any CPU
		{79CFA721-9378-425D-9052-2D505ACF8AD5}.Debug|x86.ActiveCfg = Debug|Any CPU
		{79CFA721-9378-425D-9052-2D505ACF8AD5}.Debug|x86.Build.0 = Debug|Any CPU
		{79CFA721-9378-425D-9052-2D505ACF8AD5}.Release|Any CPU.ActiveCfg = Release|Any CPU
		{79CFA721-9378-425D-9052-2D505ACF8AD5}.Release|Any CPU.Build.0 = Release|Any CPU
		{79CFA721-9378-425D-9052-2D505ACF8AD5}.Release|ARM.ActiveCfg = Release|Any CPU
		{79CFA721-9378-425D-9052-2D505ACF8AD5}.Release|ARM.Build.0 = Release|Any CPU
		{79CFA721-9378-425D-9052-2D505ACF8AD5}.Release|iPhone.ActiveCfg = Release|Any CPU
		{79CFA721-9378-425D-9052-2D505ACF8AD5}.Release|iPhone.Build.0 = Release|Any CPU
		{79CFA721-9378-425D-9052-2D505ACF8AD5}.Release|iPhoneSimulator.ActiveCfg = Release|Any CPU
		{79CFA721-9378-425D-9052-2D505ACF8AD5}.Release|iPhoneSimulator.Build.0 = Release|Any CPU
		{79CFA721-9378-425D-9052-2D505ACF8AD5}.Release|x64.ActiveCfg = Release|Any CPU
		{79CFA721-9378-425D-9052-2D505ACF8AD5}.Release|x64.Build.0 = Release|Any CPU
		{79CFA721-9378-425D-9052-2D505ACF8AD5}.Release|x86.ActiveCfg = Release|Any CPU
		{79CFA721-9378-425D-9052-2D505ACF8AD5}.Release|x86.Build.0 = Release|Any CPU
		{32EB5186-3447-4C3C-AE70-5E9C40F6B9CA}.Ad-Hoc|Any CPU.ActiveCfg = Release|Any CPU
		{32EB5186-3447-4C3C-AE70-5E9C40F6B9CA}.Ad-Hoc|Any CPU.Build.0 = Release|Any CPU
		{32EB5186-3447-4C3C-AE70-5E9C40F6B9CA}.Ad-Hoc|Any CPU.Deploy.0 = Release|Any CPU
		{32EB5186-3447-4C3C-AE70-5E9C40F6B9CA}.Ad-Hoc|ARM.ActiveCfg = Release|Any CPU
		{32EB5186-3447-4C3C-AE70-5E9C40F6B9CA}.Ad-Hoc|ARM.Build.0 = Release|Any CPU
		{32EB5186-3447-4C3C-AE70-5E9C40F6B9CA}.Ad-Hoc|ARM.Deploy.0 = Release|Any CPU
		{32EB5186-3447-4C3C-AE70-5E9C40F6B9CA}.Ad-Hoc|iPhone.ActiveCfg = Release|Any CPU
		{32EB5186-3447-4C3C-AE70-5E9C40F6B9CA}.Ad-Hoc|iPhone.Build.0 = Release|Any CPU
		{32EB5186-3447-4C3C-AE70-5E9C40F6B9CA}.Ad-Hoc|iPhone.Deploy.0 = Release|Any CPU
		{32EB5186-3447-4C3C-AE70-5E9C40F6B9CA}.Ad-Hoc|iPhoneSimulator.ActiveCfg = Release|Any CPU
		{32EB5186-3447-4C3C-AE70-5E9C40F6B9CA}.Ad-Hoc|iPhoneSimulator.Build.0 = Release|Any CPU
		{32EB5186-3447-4C3C-AE70-5E9C40F6B9CA}.Ad-Hoc|iPhoneSimulator.Deploy.0 = Release|Any CPU
		{32EB5186-3447-4C3C-AE70-5E9C40F6B9CA}.Ad-Hoc|x64.ActiveCfg = Release|Any CPU
		{32EB5186-3447-4C3C-AE70-5E9C40F6B9CA}.Ad-Hoc|x64.Build.0 = Release|Any CPU
		{32EB5186-3447-4C3C-AE70-5E9C40F6B9CA}.Ad-Hoc|x64.Deploy.0 = Release|Any CPU
		{32EB5186-3447-4C3C-AE70-5E9C40F6B9CA}.Ad-Hoc|x86.ActiveCfg = Release|Any CPU
		{32EB5186-3447-4C3C-AE70-5E9C40F6B9CA}.Ad-Hoc|x86.Build.0 = Release|Any CPU
		{32EB5186-3447-4C3C-AE70-5E9C40F6B9CA}.Ad-Hoc|x86.Deploy.0 = Release|Any CPU
		{32EB5186-3447-4C3C-AE70-5E9C40F6B9CA}.AppStore|Any CPU.ActiveCfg = Release|Any CPU
		{32EB5186-3447-4C3C-AE70-5E9C40F6B9CA}.AppStore|Any CPU.Build.0 = Release|Any CPU
		{32EB5186-3447-4C3C-AE70-5E9C40F6B9CA}.AppStore|Any CPU.Deploy.0 = Release|Any CPU
		{32EB5186-3447-4C3C-AE70-5E9C40F6B9CA}.AppStore|ARM.ActiveCfg = Release|Any CPU
		{32EB5186-3447-4C3C-AE70-5E9C40F6B9CA}.AppStore|ARM.Build.0 = Release|Any CPU
		{32EB5186-3447-4C3C-AE70-5E9C40F6B9CA}.AppStore|ARM.Deploy.0 = Release|Any CPU
		{32EB5186-3447-4C3C-AE70-5E9C40F6B9CA}.AppStore|iPhone.ActiveCfg = Release|Any CPU
		{32EB5186-3447-4C3C-AE70-5E9C40F6B9CA}.AppStore|iPhone.Build.0 = Release|Any CPU
		{32EB5186-3447-4C3C-AE70-5E9C40F6B9CA}.AppStore|iPhone.Deploy.0 = Release|Any CPU
		{32EB5186-3447-4C3C-AE70-5E9C40F6B9CA}.AppStore|iPhoneSimulator.ActiveCfg = Release|Any CPU
		{32EB5186-3447-4C3C-AE70-5E9C40F6B9CA}.AppStore|iPhoneSimulator.Build.0 = Release|Any CPU
		{32EB5186-3447-4C3C-AE70-5E9C40F6B9CA}.AppStore|iPhoneSimulator.Deploy.0 = Release|Any CPU
		{32EB5186-3447-4C3C-AE70-5E9C40F6B9CA}.AppStore|x64.ActiveCfg = Release|Any CPU
		{32EB5186-3447-4C3C-AE70-5E9C40F6B9CA}.AppStore|x64.Build.0 = Release|Any CPU
		{32EB5186-3447-4C3C-AE70-5E9C40F6B9CA}.AppStore|x64.Deploy.0 = Release|Any CPU
		{32EB5186-3447-4C3C-AE70-5E9C40F6B9CA}.AppStore|x86.ActiveCfg = Release|Any CPU
		{32EB5186-3447-4C3C-AE70-5E9C40F6B9CA}.AppStore|x86.Build.0 = Release|Any CPU
		{32EB5186-3447-4C3C-AE70-5E9C40F6B9CA}.AppStore|x86.Deploy.0 = Release|Any CPU
		{32EB5186-3447-4C3C-AE70-5E9C40F6B9CA}.Debug|Any CPU.ActiveCfg = Debug|Any CPU
		{32EB5186-3447-4C3C-AE70-5E9C40F6B9CA}.Debug|Any CPU.Build.0 = Debug|Any CPU
		{32EB5186-3447-4C3C-AE70-5E9C40F6B9CA}.Debug|Any CPU.Deploy.0 = Debug|Any CPU
		{32EB5186-3447-4C3C-AE70-5E9C40F6B9CA}.Debug|ARM.ActiveCfg = Debug|Any CPU
		{32EB5186-3447-4C3C-AE70-5E9C40F6B9CA}.Debug|ARM.Build.0 = Debug|Any CPU
		{32EB5186-3447-4C3C-AE70-5E9C40F6B9CA}.Debug|ARM.Deploy.0 = Debug|Any CPU
		{32EB5186-3447-4C3C-AE70-5E9C40F6B9CA}.Debug|iPhone.ActiveCfg = Debug|Any CPU
		{32EB5186-3447-4C3C-AE70-5E9C40F6B9CA}.Debug|iPhone.Build.0 = Debug|Any CPU
		{32EB5186-3447-4C3C-AE70-5E9C40F6B9CA}.Debug|iPhone.Deploy.0 = Debug|Any CPU
		{32EB5186-3447-4C3C-AE70-5E9C40F6B9CA}.Debug|iPhoneSimulator.ActiveCfg = Debug|Any CPU
		{32EB5186-3447-4C3C-AE70-5E9C40F6B9CA}.Debug|iPhoneSimulator.Build.0 = Debug|Any CPU
		{32EB5186-3447-4C3C-AE70-5E9C40F6B9CA}.Debug|iPhoneSimulator.Deploy.0 = Debug|Any CPU
		{32EB5186-3447-4C3C-AE70-5E9C40F6B9CA}.Debug|x64.ActiveCfg = Debug|Any CPU
		{32EB5186-3447-4C3C-AE70-5E9C40F6B9CA}.Debug|x64.Build.0 = Debug|Any CPU
		{32EB5186-3447-4C3C-AE70-5E9C40F6B9CA}.Debug|x64.Deploy.0 = Debug|Any CPU
		{32EB5186-3447-4C3C-AE70-5E9C40F6B9CA}.Debug|x86.ActiveCfg = Debug|Any CPU
		{32EB5186-3447-4C3C-AE70-5E9C40F6B9CA}.Debug|x86.Build.0 = Debug|Any CPU
		{32EB5186-3447-4C3C-AE70-5E9C40F6B9CA}.Debug|x86.Deploy.0 = Debug|Any CPU
		{32EB5186-3447-4C3C-AE70-5E9C40F6B9CA}.Release|Any CPU.ActiveCfg = Release|Any CPU
		{32EB5186-3447-4C3C-AE70-5E9C40F6B9CA}.Release|Any CPU.Build.0 = Release|Any CPU
		{32EB5186-3447-4C3C-AE70-5E9C40F6B9CA}.Release|Any CPU.Deploy.0 = Release|Any CPU
		{32EB5186-3447-4C3C-AE70-5E9C40F6B9CA}.Release|ARM.ActiveCfg = Release|Any CPU
		{32EB5186-3447-4C3C-AE70-5E9C40F6B9CA}.Release|ARM.Build.0 = Release|Any CPU
		{32EB5186-3447-4C3C-AE70-5E9C40F6B9CA}.Release|ARM.Deploy.0 = Release|Any CPU
		{32EB5186-3447-4C3C-AE70-5E9C40F6B9CA}.Release|iPhone.ActiveCfg = Release|Any CPU
		{32EB5186-3447-4C3C-AE70-5E9C40F6B9CA}.Release|iPhone.Build.0 = Release|Any CPU
		{32EB5186-3447-4C3C-AE70-5E9C40F6B9CA}.Release|iPhone.Deploy.0 = Release|Any CPU
		{32EB5186-3447-4C3C-AE70-5E9C40F6B9CA}.Release|iPhoneSimulator.ActiveCfg = Release|Any CPU
		{32EB5186-3447-4C3C-AE70-5E9C40F6B9CA}.Release|iPhoneSimulator.Build.0 = Release|Any CPU
		{32EB5186-3447-4C3C-AE70-5E9C40F6B9CA}.Release|iPhoneSimulator.Deploy.0 = Release|Any CPU
		{32EB5186-3447-4C3C-AE70-5E9C40F6B9CA}.Release|x64.ActiveCfg = Release|Any CPU
		{32EB5186-3447-4C3C-AE70-5E9C40F6B9CA}.Release|x64.Build.0 = Release|Any CPU
		{32EB5186-3447-4C3C-AE70-5E9C40F6B9CA}.Release|x64.Deploy.0 = Release|Any CPU
		{32EB5186-3447-4C3C-AE70-5E9C40F6B9CA}.Release|x86.ActiveCfg = Release|Any CPU
		{32EB5186-3447-4C3C-AE70-5E9C40F6B9CA}.Release|x86.Build.0 = Release|Any CPU
		{32EB5186-3447-4C3C-AE70-5E9C40F6B9CA}.Release|x86.Deploy.0 = Release|Any CPU
		{CFE254B7-41B5-4707-B688-C7EC986786A1}.Ad-Hoc|Any CPU.ActiveCfg = Ad-Hoc|iPhone
		{CFE254B7-41B5-4707-B688-C7EC986786A1}.Ad-Hoc|ARM.ActiveCfg = Ad-Hoc|iPhone
		{CFE254B7-41B5-4707-B688-C7EC986786A1}.Ad-Hoc|iPhone.ActiveCfg = Ad-Hoc|iPhone
		{CFE254B7-41B5-4707-B688-C7EC986786A1}.Ad-Hoc|iPhone.Build.0 = Ad-Hoc|iPhone
		{CFE254B7-41B5-4707-B688-C7EC986786A1}.Ad-Hoc|iPhoneSimulator.ActiveCfg = Ad-Hoc|iPhoneSimulator
		{CFE254B7-41B5-4707-B688-C7EC986786A1}.Ad-Hoc|iPhoneSimulator.Build.0 = Ad-Hoc|iPhoneSimulator
		{CFE254B7-41B5-4707-B688-C7EC986786A1}.Ad-Hoc|x64.ActiveCfg = Ad-Hoc|iPhone
		{CFE254B7-41B5-4707-B688-C7EC986786A1}.Ad-Hoc|x86.ActiveCfg = Ad-Hoc|iPhone
		{CFE254B7-41B5-4707-B688-C7EC986786A1}.AppStore|Any CPU.ActiveCfg = AppStore|iPhone
		{CFE254B7-41B5-4707-B688-C7EC986786A1}.AppStore|ARM.ActiveCfg = AppStore|iPhone
		{CFE254B7-41B5-4707-B688-C7EC986786A1}.AppStore|iPhone.ActiveCfg = AppStore|iPhone
		{CFE254B7-41B5-4707-B688-C7EC986786A1}.AppStore|iPhone.Build.0 = AppStore|iPhone
		{CFE254B7-41B5-4707-B688-C7EC986786A1}.AppStore|iPhoneSimulator.ActiveCfg = AppStore|iPhoneSimulator
		{CFE254B7-41B5-4707-B688-C7EC986786A1}.AppStore|iPhoneSimulator.Build.0 = AppStore|iPhoneSimulator
		{CFE254B7-41B5-4707-B688-C7EC986786A1}.AppStore|x64.ActiveCfg = AppStore|iPhone
		{CFE254B7-41B5-4707-B688-C7EC986786A1}.AppStore|x86.ActiveCfg = AppStore|iPhone
		{CFE254B7-41B5-4707-B688-C7EC986786A1}.Debug|Any CPU.ActiveCfg = Debug|iPhone
		{CFE254B7-41B5-4707-B688-C7EC986786A1}.Debug|ARM.ActiveCfg = Debug|iPhone
		{CFE254B7-41B5-4707-B688-C7EC986786A1}.Debug|iPhone.ActiveCfg = Debug|iPhone
		{CFE254B7-41B5-4707-B688-C7EC986786A1}.Debug|iPhone.Build.0 = Debug|iPhone
		{CFE254B7-41B5-4707-B688-C7EC986786A1}.Debug|iPhoneSimulator.ActiveCfg = Debug|iPhoneSimulator
		{CFE254B7-41B5-4707-B688-C7EC986786A1}.Debug|iPhoneSimulator.Build.0 = Debug|iPhoneSimulator
		{CFE254B7-41B5-4707-B688-C7EC986786A1}.Debug|x64.ActiveCfg = Debug|iPhone
		{CFE254B7-41B5-4707-B688-C7EC986786A1}.Debug|x86.ActiveCfg = Debug|iPhone
		{CFE254B7-41B5-4707-B688-C7EC986786A1}.Release|Any CPU.ActiveCfg = Release|iPhone
		{CFE254B7-41B5-4707-B688-C7EC986786A1}.Release|ARM.ActiveCfg = Release|iPhone
		{CFE254B7-41B5-4707-B688-C7EC986786A1}.Release|iPhone.ActiveCfg = Release|iPhone
		{CFE254B7-41B5-4707-B688-C7EC986786A1}.Release|iPhone.Build.0 = Release|iPhone
		{CFE254B7-41B5-4707-B688-C7EC986786A1}.Release|iPhoneSimulator.ActiveCfg = Release|iPhoneSimulator
		{CFE254B7-41B5-4707-B688-C7EC986786A1}.Release|iPhoneSimulator.Build.0 = Release|iPhoneSimulator
		{CFE254B7-41B5-4707-B688-C7EC986786A1}.Release|x64.ActiveCfg = Release|iPhone
		{CFE254B7-41B5-4707-B688-C7EC986786A1}.Release|x86.ActiveCfg = Release|iPhone
		{FA667249-CA11-447D-8FD1-EBF00C76663B}.Ad-Hoc|Any CPU.ActiveCfg = Release|x86
		{FA667249-CA11-447D-8FD1-EBF00C76663B}.Ad-Hoc|Any CPU.Build.0 = Release|x86
		{FA667249-CA11-447D-8FD1-EBF00C76663B}.Ad-Hoc|Any CPU.Deploy.0 = Release|x86
		{FA667249-CA11-447D-8FD1-EBF00C76663B}.Ad-Hoc|ARM.ActiveCfg = Release|ARM
		{FA667249-CA11-447D-8FD1-EBF00C76663B}.Ad-Hoc|ARM.Build.0 = Release|ARM
		{FA667249-CA11-447D-8FD1-EBF00C76663B}.Ad-Hoc|ARM.Deploy.0 = Release|ARM
		{FA667249-CA11-447D-8FD1-EBF00C76663B}.Ad-Hoc|iPhone.ActiveCfg = Release|x86
		{FA667249-CA11-447D-8FD1-EBF00C76663B}.Ad-Hoc|iPhone.Build.0 = Release|x86
		{FA667249-CA11-447D-8FD1-EBF00C76663B}.Ad-Hoc|iPhone.Deploy.0 = Release|x86
		{FA667249-CA11-447D-8FD1-EBF00C76663B}.Ad-Hoc|iPhoneSimulator.ActiveCfg = Release|x86
		{FA667249-CA11-447D-8FD1-EBF00C76663B}.Ad-Hoc|iPhoneSimulator.Build.0 = Release|x86
		{FA667249-CA11-447D-8FD1-EBF00C76663B}.Ad-Hoc|iPhoneSimulator.Deploy.0 = Release|x86
		{FA667249-CA11-447D-8FD1-EBF00C76663B}.Ad-Hoc|x64.ActiveCfg = Release|x64
		{FA667249-CA11-447D-8FD1-EBF00C76663B}.Ad-Hoc|x64.Build.0 = Release|x64
		{FA667249-CA11-447D-8FD1-EBF00C76663B}.Ad-Hoc|x64.Deploy.0 = Release|x64
		{FA667249-CA11-447D-8FD1-EBF00C76663B}.Ad-Hoc|x86.ActiveCfg = Release|x86
		{FA667249-CA11-447D-8FD1-EBF00C76663B}.Ad-Hoc|x86.Build.0 = Release|x86
		{FA667249-CA11-447D-8FD1-EBF00C76663B}.Ad-Hoc|x86.Deploy.0 = Release|x86
		{FA667249-CA11-447D-8FD1-EBF00C76663B}.AppStore|Any CPU.ActiveCfg = Release|x86
		{FA667249-CA11-447D-8FD1-EBF00C76663B}.AppStore|Any CPU.Build.0 = Release|x86
		{FA667249-CA11-447D-8FD1-EBF00C76663B}.AppStore|Any CPU.Deploy.0 = Release|x86
		{FA667249-CA11-447D-8FD1-EBF00C76663B}.AppStore|ARM.ActiveCfg = Release|ARM
		{FA667249-CA11-447D-8FD1-EBF00C76663B}.AppStore|ARM.Build.0 = Release|ARM
		{FA667249-CA11-447D-8FD1-EBF00C76663B}.AppStore|ARM.Deploy.0 = Release|ARM
		{FA667249-CA11-447D-8FD1-EBF00C76663B}.AppStore|iPhone.ActiveCfg = Release|x86
		{FA667249-CA11-447D-8FD1-EBF00C76663B}.AppStore|iPhone.Build.0 = Release|x86
		{FA667249-CA11-447D-8FD1-EBF00C76663B}.AppStore|iPhone.Deploy.0 = Release|x86
		{FA667249-CA11-447D-8FD1-EBF00C76663B}.AppStore|iPhoneSimulator.ActiveCfg = Release|x86
		{FA667249-CA11-447D-8FD1-EBF00C76663B}.AppStore|iPhoneSimulator.Build.0 = Release|x86
		{FA667249-CA11-447D-8FD1-EBF00C76663B}.AppStore|iPhoneSimulator.Deploy.0 = Release|x86
		{FA667249-CA11-447D-8FD1-EBF00C76663B}.AppStore|x64.ActiveCfg = Release|x64
		{FA667249-CA11-447D-8FD1-EBF00C76663B}.AppStore|x64.Build.0 = Release|x64
		{FA667249-CA11-447D-8FD1-EBF00C76663B}.AppStore|x64.Deploy.0 = Release|x64
		{FA667249-CA11-447D-8FD1-EBF00C76663B}.AppStore|x86.ActiveCfg = Release|x86
		{FA667249-CA11-447D-8FD1-EBF00C76663B}.AppStore|x86.Build.0 = Release|x86
		{FA667249-CA11-447D-8FD1-EBF00C76663B}.AppStore|x86.Deploy.0 = Release|x86
		{FA667249-CA11-447D-8FD1-EBF00C76663B}.Debug|Any CPU.ActiveCfg = Debug|x86
		{FA667249-CA11-447D-8FD1-EBF00C76663B}.Debug|ARM.ActiveCfg = Debug|ARM
		{FA667249-CA11-447D-8FD1-EBF00C76663B}.Debug|ARM.Build.0 = Debug|ARM
		{FA667249-CA11-447D-8FD1-EBF00C76663B}.Debug|ARM.Deploy.0 = Debug|ARM
		{FA667249-CA11-447D-8FD1-EBF00C76663B}.Debug|iPhone.ActiveCfg = Debug|x86
		{FA667249-CA11-447D-8FD1-EBF00C76663B}.Debug|iPhoneSimulator.ActiveCfg = Debug|x86
		{FA667249-CA11-447D-8FD1-EBF00C76663B}.Debug|x64.ActiveCfg = Debug|x64
		{FA667249-CA11-447D-8FD1-EBF00C76663B}.Debug|x64.Build.0 = Debug|x64
		{FA667249-CA11-447D-8FD1-EBF00C76663B}.Debug|x64.Deploy.0 = Debug|x64
		{FA667249-CA11-447D-8FD1-EBF00C76663B}.Debug|x86.ActiveCfg = Debug|x86
		{FA667249-CA11-447D-8FD1-EBF00C76663B}.Debug|x86.Build.0 = Debug|x86
		{FA667249-CA11-447D-8FD1-EBF00C76663B}.Debug|x86.Deploy.0 = Debug|x86
		{FA667249-CA11-447D-8FD1-EBF00C76663B}.Release|Any CPU.ActiveCfg = Release|x86
		{FA667249-CA11-447D-8FD1-EBF00C76663B}.Release|ARM.ActiveCfg = Release|ARM
		{FA667249-CA11-447D-8FD1-EBF00C76663B}.Release|ARM.Build.0 = Release|ARM
		{FA667249-CA11-447D-8FD1-EBF00C76663B}.Release|ARM.Deploy.0 = Release|ARM
		{FA667249-CA11-447D-8FD1-EBF00C76663B}.Release|iPhone.ActiveCfg = Release|x86
		{FA667249-CA11-447D-8FD1-EBF00C76663B}.Release|iPhoneSimulator.ActiveCfg = Release|x86
		{FA667249-CA11-447D-8FD1-EBF00C76663B}.Release|x64.ActiveCfg = Release|x64
		{FA667249-CA11-447D-8FD1-EBF00C76663B}.Release|x64.Build.0 = Release|x64
		{FA667249-CA11-447D-8FD1-EBF00C76663B}.Release|x64.Deploy.0 = Release|x64
		{FA667249-CA11-447D-8FD1-EBF00C76663B}.Release|x86.ActiveCfg = Release|x86
		{FA667249-CA11-447D-8FD1-EBF00C76663B}.Release|x86.Build.0 = Release|x86
		{FA667249-CA11-447D-8FD1-EBF00C76663B}.Release|x86.Deploy.0 = Release|x86
	EndGlobalSection
	GlobalSection(SolutionProperties) = preSolution
		HideSolutionNode = FALSE
	EndGlobalSection
	GlobalSection(ExtensibilityGlobals) = postSolution
		SolutionGuid = {445A1276-D6B0-4A0F-AEB0-4402FF55DB21}
	EndGlobalSection
EndGlobal
